
Microsoft Visual Studio Solution File, Format Version 12.00
# Visual Studio Version 17
VisualStudioVersion = 17.6.33712.159
MinimumVisualStudioVersion = 10.0.40219.1
Project("{9A19103F-16F7-4668-BE54-9A1E7A4F7556}") = "ExperimentNetApi6", "ExperimentNetApi6.csproj", "{26A4E5BA-E8E2-43D0-84BD-52CE755C45B6}"
EndProject
Project("{2150E333-8FDC-42A3-9474-1A3956D46DE8}") = "Solution Items", "Solution Items", "{273230B5-F1EF-49CD-A401-C4FBC88A4C60}"
EndProject
Project("{9A19103F-16F7-4668-BE54-9A1E7A4F7556}") = "Entities", "Entities\Entities.csproj", "{2C987639-B940-48CF-8201-F2020CB2DE33}"
EndProject
Project("{9A19103F-16F7-4668-BE54-9A1E7A4F7556}") = "Repository", "Repository\Repository.csproj", "{51B9BB5A-2313-4301-BBE7-B705B39E1360}"
EndProject
Project("{9A19103F-16F7-4668-BE54-9A1E7A4F7556}") = "Contracts", "Contracts\Contracts.csproj", "{2418D6CB-69C4-41D6-B7BA-D3E8EAEC4B89}"
EndProject
Project("{9A19103F-16F7-4668-BE54-9A1E7A4F7556}") = "LoggerService", "LoggerService\LoggerService.csproj", "{5F2B838B-90EC-4BEB-8823-96A009C5E169}"
EndProject
Project("{FAE04EC0-301F-11D3-BF4B-00C04F79EFBC}") = "Service.Contracts", "Service.Contracts\Service.Contracts.csproj", "{F87A830B-487F-4235-BBD0-34821F7734E5}"
EndProject
Project("{FAE04EC0-301F-11D3-BF4B-00C04F79EFBC}") = "Service", "Service\Service.csproj", "{42B94E2A-40E0-45A6-8135-D3BB9D36218C}"
EndProject
Global
	GlobalSection(SolutionConfigurationPlatforms) = preSolution
		Debug|Any CPU = Debug|Any CPU
		Release|Any CPU = Release|Any CPU
	EndGlobalSection
	GlobalSection(ProjectConfigurationPlatforms) = postSolution
		{26A4E5BA-E8E2-43D0-84BD-52CE755C45B6}.Debug|Any CPU.ActiveCfg = Debug|Any CPU
		{26A4E5BA-E8E2-43D0-84BD-52CE755C45B6}.Debug|Any CPU.Build.0 = Debug|Any CPU
		{26A4E5BA-E8E2-43D0-84BD-52CE755C45B6}.Release|Any CPU.ActiveCfg = Release|Any CPU
		{26A4E5BA-E8E2-43D0-84BD-52CE755C45B6}.Release|Any CPU.Build.0 = Release|Any CPU
		{2C987639-B940-48CF-8201-F2020CB2DE33}.Debug|Any CPU.ActiveCfg = Debug|Any CPU
		{2C987639-B940-48CF-8201-F2020CB2DE33}.Debug|Any CPU.Build.0 = Debug|Any CPU
		{2C987639-B940-48CF-8201-F2020CB2DE33}.Release|Any CPU.ActiveCfg = Release|Any CPU
		{2C987639-B940-48CF-8201-F2020CB2DE33}.Release|Any CPU.Build.0 = Release|Any CPU
		{51B9BB5A-2313-4301-BBE7-B705B39E1360}.Debug|Any CPU.ActiveCfg = Debug|Any CPU
		{51B9BB5A-2313-4301-BBE7-B705B39E1360}.Debug|Any CPU.Build.0 = Debug|Any CPU
		{51B9BB5A-2313-4301-BBE7-B705B39E1360}.Release|Any CPU.ActiveCfg = Release|Any CPU
		{51B9BB5A-2313-4301-BBE7-B705B39E1360}.Release|Any CPU.Build.0 = Release|Any CPU
		{2418D6CB-69C4-41D6-B7BA-D3E8EAEC4B89}.Debug|Any CPU.ActiveCfg = Debug|Any CPU
		{2418D6CB-69C4-41D6-B7BA-D3E8EAEC4B89}.Debug|Any CPU.Build.0 = Debug|Any CPU
		{2418D6CB-69C4-41D6-B7BA-D3E8EAEC4B89}.Release|Any CPU.ActiveCfg = Release|Any CPU
		{2418D6CB-69C4-41D6-B7BA-D3E8EAEC4B89}.Release|Any CPU.Build.0 = Release|Any CPU
		{5F2B838B-90EC-4BEB-8823-96A009C5E169}.Debug|Any CPU.ActiveCfg = Debug|Any CPU
		{5F2B838B-90EC-4BEB-8823-96A009C5E169}.Debug|Any CPU.Build.0 = Debug|Any CPU
		{5F2B838B-90EC-4BEB-8823-96A009C5E169}.Release|Any CPU.ActiveCfg = Release|Any CPU
		{5F2B838B-90EC-4BEB-8823-96A009C5E169}.Release|Any CPU.Build.0 = Release|Any CPU
		{F87A830B-487F-4235-BBD0-34821F7734E5}.Debug|Any CPU.ActiveCfg = Debug|Any CPU
		{F87A830B-487F-4235-BBD0-34821F7734E5}.Debug|Any CPU.Build.0 = Debug|Any CPU
		{F87A830B-487F-4235-BBD0-34821F7734E5}.Release|Any CPU.ActiveCfg = Release|Any CPU
		{F87A830B-487F-4235-BBD0-34821F7734E5}.Release|Any CPU.Build.0 = Release|Any CPU
		{42B94E2A-40E0-45A6-8135-D3BB9D36218C}.Debug|Any CPU.ActiveCfg = Debug|Any CPU
		{42B94E2A-40E0-45A6-8135-D3BB9D36218C}.Debug|Any CPU.Build.0 = Debug|Any CPU
		{42B94E2A-40E0-45A6-8135-D3BB9D36218C}.Release|Any CPU.ActiveCfg = Release|Any CPU
		{42B94E2A-40E0-45A6-8135-D3BB9D36218C}.Release|Any CPU.Build.0 = Release|Any CPU
	EndGlobalSection
	GlobalSection(SolutionProperties) = preSolution
		HideSolutionNode = FALSE
	EndGlobalSection
	GlobalSection(ExtensibilityGlobals) = postSolution
		SolutionGuid = {A5DA0719-492B-4655-B2FC-D3C9BCA8651F}
	EndGlobalSection
EndGlobal
